
Microsoft Visual Studio Solution File, Format Version 12.00
# Visual Studio 15
VisualStudioVersion = 15.0.28307.168
MinimumVisualStudioVersion = 10.0.40219.1
Project("{9A19103F-16F7-4668-BE54-9A1E7A4F7556}") = "HTMLInterpreter", "HTMLInterpreter\HTMLInterpreter.csproj", "{96B6511F-7187-464C-838C-EDE7002C695F}"
EndProject
Project("{9A19103F-16F7-4668-BE54-9A1E7A4F7556}") = "WebApplication", "WebApplication\WebApplication.csproj", "{A44E84DD-EADC-4954-A23F-887E04F051CA}"
EndProject
Project("{FAE04EC0-301F-11D3-BF4B-00C04F79EFBC}") = "HTMLRepo", "HTMLRepo\HTMLRepo.csproj", "{9F167C4D-7B98-442B-8C3F-0475D4217604}"
EndProject
Global
	GlobalSection(SolutionConfigurationPlatforms) = preSolution
		Debug|Any CPU = Debug|Any CPU
		Release|Any CPU = Release|Any CPU
	EndGlobalSection
	GlobalSection(ProjectConfigurationPlatforms) = postSolution
		{96B6511F-7187-464C-838C-EDE7002C695F}.Debug|Any CPU.ActiveCfg = Debug|Any CPU
		{96B6511F-7187-464C-838C-EDE7002C695F}.Debug|Any CPU.Build.0 = Debug|Any CPU
		{96B6511F-7187-464C-838C-EDE7002C695F}.Release|Any CPU.ActiveCfg = Release|Any CPU
		{96B6511F-7187-464C-838C-EDE7002C695F}.Release|Any CPU.Build.0 = Release|Any CPU
		{A44E84DD-EADC-4954-A23F-887E04F051CA}.Debug|Any CPU.ActiveCfg = Debug|Any CPU
		{A44E84DD-EADC-4954-A23F-887E04F051CA}.Debug|Any CPU.Build.0 = Debug|Any CPU
		{A44E84DD-EADC-4954-A23F-887E04F051CA}.Release|Any CPU.ActiveCfg = Release|Any CPU
		{A44E84DD-EADC-4954-A23F-887E04F051CA}.Release|Any CPU.Build.0 = Release|Any CPU
		{9F167C4D-7B98-442B-8C3F-0475D4217604}.Debug|Any CPU.ActiveCfg = Debug|Any CPU
		{9F167C4D-7B98-442B-8C3F-0475D4217604}.Debug|Any CPU.Build.0 = Debug|Any CPU
		{9F167C4D-7B98-442B-8C3F-0475D4217604}.Release|Any CPU.ActiveCfg = Release|Any CPU
		{9F167C4D-7B98-442B-8C3F-0475D4217604}.Release|Any CPU.Build.0 = Release|Any CPU
	EndGlobalSection
	GlobalSection(SolutionProperties) = preSolution
		HideSolutionNode = FALSE
	EndGlobalSection
	GlobalSection(ExtensibilityGlobals) = postSolution
		SolutionGuid = {C4F19990-0F2D-4174-A02C-21CA8BB2A4CA}
	EndGlobalSection
EndGlobal
